// !$*UTF8*$!
{
	archiveVersion = 1;
	classes = {
	};
	objectVersion = 46;
	objects = {

/* Begin PBXBuildFile section */
		9A496F8716D970350059866B /* icon@2x.png in Resources */ = {isa = PBXBuildFile; fileRef = 9A496F8616D970350059866B /* icon@2x.png */; };
		9A496F8916D970390059866B /* icon.png in Resources */ = {isa = PBXBuildFile; fileRef = 9A496F8816D970390059866B /* icon.png */; };
		9A5C0F1416D18EBE00CFB94D /* send.jpg in Resources */ = {isa = PBXBuildFile; fileRef = 9A5C0F1316D18EBE00CFB94D /* send.jpg */; };
		9A5C0F2316D1A3D900CFB94D /* AppDelegate.m in Sources */ = {isa = PBXBuildFile; fileRef = 9A5C0F2216D1A3D800CFB94D /* AppDelegate.m */; };
		9A61FE6A16D0A2EF00DF5EB4 /* UIKit.framework in Frameworks */ = {isa = PBXBuildFile; fileRef = 9A61FE6916D0A2EF00DF5EB4 /* UIKit.framework */; };
		9A61FE6C16D0A2EF00DF5EB4 /* Foundation.framework in Frameworks */ = {isa = PBXBuildFile; fileRef = 9A61FE6B16D0A2EF00DF5EB4 /* Foundation.framework */; };
		9A61FE6E16D0A2EF00DF5EB4 /* CoreGraphics.framework in Frameworks */ = {isa = PBXBuildFile; fileRef = 9A61FE6D16D0A2EF00DF5EB4 /* CoreGraphics.framework */; };
		9A61FE7416D0A2EF00DF5EB4 /* InfoPlist.strings in Resources */ = {isa = PBXBuildFile; fileRef = 9A61FE7216D0A2EF00DF5EB4 /* InfoPlist.strings */; };
		9A61FE7616D0A2EF00DF5EB4 /* main.m in Sources */ = {isa = PBXBuildFile; fileRef = 9A61FE7516D0A2EF00DF5EB4 /* main.m */; };
		9A61FE7C16D0A2EF00DF5EB4 /* Default.png in Resources */ = {isa = PBXBuildFile; fileRef = 9A61FE7B16D0A2EF00DF5EB4 /* Default.png */; };
		9A61FE7E16D0A2EF00DF5EB4 /* Default@2x.png in Resources */ = {isa = PBXBuildFile; fileRef = 9A61FE7D16D0A2EF00DF5EB4 /* Default@2x.png */; };
		9A61FE8016D0A2EF00DF5EB4 /* Default-568h@2x.png in Resources */ = {isa = PBXBuildFile; fileRef = 9A61FE7F16D0A2EF00DF5EB4 /* Default-568h@2x.png */; };
		9A61FE8316D0A2EF00DF5EB4 /* ViewController.m in Sources */ = {isa = PBXBuildFile; fileRef = 9A61FE8216D0A2EF00DF5EB4 /* ViewController.m */; };
		9A61FE8616D0A2EF00DF5EB4 /* ViewController.xib in Resources */ = {isa = PBXBuildFile; fileRef = 9A61FE8416D0A2EF00DF5EB4 /* ViewController.xib */; };
		9A61FE8D16D0A32400DF5EB4 /* MessageUI.framework in Frameworks */ = {isa = PBXBuildFile; fileRef = 9A61FE8C16D0A32400DF5EB4 /* MessageUI.framework */; };
/* End PBXBuildFile section */

/* Begin PBXFileReference section */
		9A496F8616D970350059866B /* icon@2x.png */ = {isa = PBXFileReference; lastKnownFileType = image.png; name = "icon@2x.png"; path = "../icon@2x.png"; sourceTree = "<group>"; };
		9A496F8816D970390059866B /* icon.png */ = {isa = PBXFileReference; lastKnownFileType = image.png; name = icon.png; path = ../icon.png; sourceTree = "<group>"; };
		9A5C0F1316D18EBE00CFB94D /* send.jpg */ = {isa = PBXFileReference; lastKnownFileType = image.jpeg; path = send.jpg; sourceTree = "<group>"; };
		9A5C0F2216D1A3D800CFB94D /* AppDelegate.m */ = {isa = PBXFileReference; fileEncoding = 4; lastKnownFileType = sourcecode.c.objc; path = AppDelegate.m; sourceTree = "<group>"; usesTabs = 1; };
		9A61FE6616D0A2EF00DF5EB4 /* MailMe.app */ = {isa = PBXFileReference; explicitFileType = wrapper.application; includeInIndex = 0; path = MailMe.app; sourceTree = BUILT_PRODUCTS_DIR; };
		9A61FE6916D0A2EF00DF5EB4 /* UIKit.framework */ = {isa = PBXFileReference; lastKnownFileType = wrapper.framework; name = UIKit.framework; path = System/Library/Frameworks/UIKit.framework; sourceTree = SDKROOT; };
		9A61FE6B16D0A2EF00DF5EB4 /* Foundation.framework */ = {isa = PBXFileReference; lastKnownFileType = wrapper.framework; name = Foundation.framework; path = System/Library/Frameworks/Foundation.framework; sourceTree = SDKROOT; };
		9A61FE6D16D0A2EF00DF5EB4 /* CoreGraphics.framework */ = {isa = PBXFileReference; lastKnownFileType = wrapper.framework; name = CoreGraphics.framework; path = System/Library/Frameworks/CoreGraphics.framework; sourceTree = SDKROOT; };
		9A61FE7116D0A2EF00DF5EB4 /* MailMe-Info.plist */ = {isa = PBXFileReference; lastKnownFileType = text.plist.xml; path = "MailMe-Info.plist"; sourceTree = "<group>"; };
		9A61FE7316D0A2EF00DF5EB4 /* en */ = {isa = PBXFileReference; lastKnownFileType = text.plist.strings; name = en; path = en.lproj/InfoPlist.strings; sourceTree = "<group>"; };
		9A61FE7516D0A2EF00DF5EB4 /* main.m */ = {isa = PBXFileReference; lastKnownFileType = sourcecode.c.objc; path = main.m; sourceTree = "<group>"; };
		9A61FE7716D0A2EF00DF5EB4 /* MailMe-Prefix.pch */ = {isa = PBXFileReference; lastKnownFileType = sourcecode.c.h; path = "MailMe-Prefix.pch"; sourceTree = "<group>"; };
		9A61FE7816D0A2EF00DF5EB4 /* AppDelegate.h */ = {isa = PBXFileReference; lastKnownFileType = sourcecode.c.h; path = AppDelegate.h; sourceTree = "<group>"; };
		9A61FE7B16D0A2EF00DF5EB4 /* Default.png */ = {isa = PBXFileReference; lastKnownFileType = image.png; path = Default.png; sourceTree = "<group>"; };
		9A61FE7D16D0A2EF00DF5EB4 /* Default@2x.png */ = {isa = PBXFileReference; lastKnownFileType = image.png; path = "Default@2x.png"; sourceTree = "<group>"; };
		9A61FE7F16D0A2EF00DF5EB4 /* Default-568h@2x.png */ = {isa = PBXFileReference; lastKnownFileType = image.png; path = "Default-568h@2x.png"; sourceTree = "<group>"; };
		9A61FE8116D0A2EF00DF5EB4 /* ViewController.h */ = {isa = PBXFileReference; lastKnownFileType = sourcecode.c.h; path = ViewController.h; sourceTree = "<group>"; };
		9A61FE8216D0A2EF00DF5EB4 /* ViewController.m */ = {isa = PBXFileReference; lastKnownFileType = sourcecode.c.objc; path = ViewController.m; sourceTree = "<group>"; };
		9A61FE8516D0A2EF00DF5EB4 /* en */ = {isa = PBXFileReference; lastKnownFileType = file.xib; name = en; path = en.lproj/ViewController.xib; sourceTree = "<group>"; };
		9A61FE8C16D0A32400DF5EB4 /* MessageUI.framework */ = {isa = PBXFileReference; lastKnownFileType = wrapper.framework; name = MessageUI.framework; path = System/Library/Frameworks/MessageUI.framework; sourceTree = SDKROOT; };
/* End PBXFileReference section */

/* Begin PBXFrameworksBuildPhase section */
		9A61FE6316D0A2EF00DF5EB4 /* Frameworks */ = {
			isa = PBXFrameworksBuildPhase;
			buildActionMask = 2147483647;
			files = (
				9A61FE8D16D0A32400DF5EB4 /* MessageUI.framework in Frameworks */,
				9A61FE6A16D0A2EF00DF5EB4 /* UIKit.framework in Frameworks */,
				9A61FE6C16D0A2EF00DF5EB4 /* Foundation.framework in Frameworks */,
				9A61FE6E16D0A2EF00DF5EB4 /* CoreGraphics.framework in Frameworks */,
			);
			runOnlyForDeploymentPostprocessing = 0;
		};
/* End PBXFrameworksBuildPhase section */

/* Begin PBXGroup section */
		9A61FE5D16D0A2EF00DF5EB4 = {
			isa = PBXGroup;
			children = (
				9A61FE6F16D0A2EF00DF5EB4 /* MailMe */,
				9A61FE6816D0A2EF00DF5EB4 /* Frameworks */,
				9A61FE6716D0A2EF00DF5EB4 /* Products */,
			);
			sourceTree = "<group>";
		};
		9A61FE6716D0A2EF00DF5EB4 /* Products */ = {
			isa = PBXGroup;
			children = (
				9A61FE6616D0A2EF00DF5EB4 /* MailMe.app */,
			);
			name = Products;
			sourceTree = "<group>";
		};
		9A61FE6816D0A2EF00DF5EB4 /* Frameworks */ = {
			isa = PBXGroup;
			children = (
				9A61FE8C16D0A32400DF5EB4 /* MessageUI.framework */,
				9A61FE6916D0A2EF00DF5EB4 /* UIKit.framework */,
				9A61FE6B16D0A2EF00DF5EB4 /* Foundation.framework */,
				9A61FE6D16D0A2EF00DF5EB4 /* CoreGraphics.framework */,
			);
			name = Frameworks;
			sourceTree = "<group>";
		};
		9A61FE6F16D0A2EF00DF5EB4 /* MailMe */ = {
			isa = PBXGroup;
			children = (
				9A61FE7816D0A2EF00DF5EB4 /* AppDelegate.h */,
				9A5C0F2216D1A3D800CFB94D /* AppDelegate.m */,
				9A61FE8116D0A2EF00DF5EB4 /* ViewController.h */,
				9A61FE8216D0A2EF00DF5EB4 /* ViewController.m */,
				9A61FE8416D0A2EF00DF5EB4 /* ViewController.xib */,
				9A61FE7016D0A2EF00DF5EB4 /* Supporting Files */,
			);
			path = MailMe;
			sourceTree = "<group>";
		};
		9A61FE7016D0A2EF00DF5EB4 /* Supporting Files */ = {
			isa = PBXGroup;
			children = (
				9A496F8816D970390059866B /* icon.png */,
				9A496F8616D970350059866B /* icon@2x.png */,
				9A61FE7116D0A2EF00DF5EB4 /* MailMe-Info.plist */,
				9A61FE7216D0A2EF00DF5EB4 /* InfoPlist.strings */,
				9A61FE7516D0A2EF00DF5EB4 /* main.m */,
				9A61FE7716D0A2EF00DF5EB4 /* MailMe-Prefix.pch */,
				9A5C0F1316D18EBE00CFB94D /* send.jpg */,
				9A61FE7B16D0A2EF00DF5EB4 /* Default.png */,
				9A61FE7D16D0A2EF00DF5EB4 /* Default@2x.png */,
				9A61FE7F16D0A2EF00DF5EB4 /* Default-568h@2x.png */,
			);
			name = "Supporting Files";
			sourceTree = "<group>";
		};
/* End PBXGroup section */

/* Begin PBXNativeTarget section */
		9A61FE6516D0A2EF00DF5EB4 /* MailMe */ = {
			isa = PBXNativeTarget;
			buildConfigurationList = 9A61FE8916D0A2EF00DF5EB4 /* Build configuration list for PBXNativeTarget "MailMe" */;
			buildPhases = (
				9A61FE6216D0A2EF00DF5EB4 /* Sources */,
				9A61FE6316D0A2EF00DF5EB4 /* Frameworks */,
				9A61FE6416D0A2EF00DF5EB4 /* Resources */,
			);
			buildRules = (
			);
			dependencies = (
			);
			name = MailMe;
			productName = MailMe;
			productReference = 9A61FE6616D0A2EF00DF5EB4 /* MailMe.app */;
			productType = "com.apple.product-type.application";
		};
/* End PBXNativeTarget section */

/* Begin PBXProject section */
		9A61FE5E16D0A2EF00DF5EB4 /* Project object */ = {
			isa = PBXProject;
			attributes = {
				LastUpgradeCheck = 0460;
				ORGANIZATIONNAME = "Avijeet Sachdev";
			};
			buildConfigurationList = 9A61FE6116D0A2EF00DF5EB4 /* Build configuration list for PBXProject "MailMe" */;
			compatibilityVersion = "Xcode 3.2";
			developmentRegion = English;
			hasScannedForEncodings = 0;
			knownRegions = (
				en,
			);
			mainGroup = 9A61FE5D16D0A2EF00DF5EB4;
			productRefGroup = 9A61FE6716D0A2EF00DF5EB4 /* Products */;
			projectDirPath = "";
			projectRoot = "";
			targets = (
				9A61FE6516D0A2EF00DF5EB4 /* MailMe */,
			);
		};
/* End PBXProject section */

/* Begin PBXResourcesBuildPhase section */
		9A61FE6416D0A2EF00DF5EB4 /* Resources */ = {
			isa = PBXResourcesBuildPhase;
			buildActionMask = 2147483647;
			files = (
				9A61FE7416D0A2EF00DF5EB4 /* InfoPlist.strings in Resources */,
				9A61FE7C16D0A2EF00DF5EB4 /* Default.png in Resources */,
				9A61FE7E16D0A2EF00DF5EB4 /* Default@2x.png in Resources */,
				9A61FE8016D0A2EF00DF5EB4 /* Default-568h@2x.png in Resources */,
				9A61FE8616D0A2EF00DF5EB4 /* ViewController.xib in Resources */,
				9A5C0F1416D18EBE00CFB94D /* send.jpg in Resources */,
				9A496F8716D970350059866B /* icon@2x.png in Resources */,
				9A496F8916D970390059866B /* icon.png in Resources */,
			);
			runOnlyForDeploymentPostprocessing = 0;
		};
/* End PBXResourcesBuildPhase section */

/* Begin PBXSourcesBuildPhase section */
		9A61FE6216D0A2EF00DF5EB4 /* Sources */ = {
			isa = PBXSourcesBuildPhase;
			buildActionMask = 2147483647;
			files = (
				9A61FE7616D0A2EF00DF5EB4 /* main.m in Sources */,
				9A61FE8316D0A2EF00DF5EB4 /* ViewController.m in Sources */,
				9A5C0F2316D1A3D900CFB94D /* AppDelegate.m in Sources */,
			);
			runOnlyForDeploymentPostprocessing = 0;
		};
/* End PBXSourcesBuildPhase section */

/* Begin PBXVariantGroup section */
		9A61FE7216D0A2EF00DF5EB4 /* InfoPlist.strings */ = {
			isa = PBXVariantGroup;
			children = (
				9A61FE7316D0A2EF00DF5EB4 /* en */,
			);
			name = InfoPlist.strings;
			sourceTree = "<group>";
		};
		9A61FE8416D0A2EF00DF5EB4 /* ViewController.xib */ = {
			isa = PBXVariantGroup;
			children = (
				9A61FE8516D0A2EF00DF5EB4 /* en */,
			);
			name = ViewController.xib;
			sourceTree = "<group>";
		};
/* End PBXVariantGroup section */

/* Begin XCBuildConfiguration section */
		9A61FE8716D0A2EF00DF5EB4 /* Debug */ = {
			isa = XCBuildConfiguration;
			buildSettings = {
				ALWAYS_SEARCH_USER_PATHS = NO;
				CLANG_CXX_LANGUAGE_STANDARD = "gnu++0x";
				CLANG_CXX_LIBRARY = "libc++";
				CLANG_ENABLE_OBJC_ARC = YES;
				CLANG_WARN_CONSTANT_CONVERSION = YES;
				CLANG_WARN_EMPTY_BODY = YES;
				CLANG_WARN_ENUM_CONVERSION = YES;
				CLANG_WARN_INT_CONVERSION = YES;
				CLANG_WARN__DUPLICATE_METHOD_MATCH = YES;
				"CODE_SIGN_IDENTITY[sdk=iphoneos*]" = "iPhone Developer";
				COPY_PHASE_STRIP = NO;
				GCC_C_LANGUAGE_STANDARD = gnu99;
				GCC_DYNAMIC_NO_PIC = NO;
				GCC_OPTIMIZATION_LEVEL = 0;
				GCC_PREPROCESSOR_DEFINITIONS = (
					"DEBUG=1",
					"$(inherited)",
				);
				GCC_SYMBOLS_PRIVATE_EXTERN = NO;
				GCC_WARN_ABOUT_RETURN_TYPE = YES;
				GCC_WARN_UNINITIALIZED_AUTOS = YES;
				GCC_WARN_UNUSED_VARIABLE = YES;
				IPHONEOS_DEPLOYMENT_TARGET = 6.1;
				ONLY_ACTIVE_ARCH = YES;
				SDKROOT = iphoneos;
			};
			name = Debug;
		};
		9A61FE8816D0A2EF00DF5EB4 /* Release */ = {
			isa = XCBuildConfiguration;
			buildSettings = {
				ALWAYS_SEARCH_USER_PATHS = NO;
				CLANG_CXX_LANGUAGE_STANDARD = "gnu++0x";
				CLANG_CXX_LIBRARY = "libc++";
				CLANG_ENABLE_OBJC_ARC = YES;
				CLANG_WARN_CONSTANT_CONVERSION = YES;
				CLANG_WARN_EMPTY_BODY = YES;
				CLANG_WARN_ENUM_CONVERSION = YES;
				CLANG_WARN_INT_CONVERSION = YES;
				CLANG_WARN__DUPLICATE_METHOD_MATCH = YES;
				"CODE_SIGN_IDENTITY[sdk=iphoneos*]" = "iPhone Developer";
				COPY_PHASE_STRIP = YES;
				GCC_C_LANGUAGE_STANDARD = gnu99;
				GCC_WARN_ABOUT_RETURN_TYPE = YES;
				GCC_WARN_UNINITIALIZED_AUTOS = YES;
				GCC_WARN_UNUSED_VARIABLE = YES;
				IPHONEOS_DEPLOYMENT_TARGET = 6.1;
				OTHER_CFLAGS = "-DNS_BLOCK_ASSERTIONS=1";
				SDKROOT = iphoneos;
				VALIDATE_PRODUCT = YES;
			};
			name = Release;
		};
		9A61FE8A16D0A2EF00DF5EB4 /* Debug */ = {
			isa = XCBuildConfiguration;
			buildSettings = {
				GCC_PRECOMPILE_PREFIX_HEADER = YES;
				GCC_PREFIX_HEADER = "MailMe/MailMe-Prefix.pch";
				INFOPLIST_FILE = "MailMe/MailMe-Info.plist";
				PRODUCT_NAME = "$(TARGET_NAME)";
				WRAPPER_EXTENSION = app;
			};
			name = Debug;
		};
		9A61FE8B16D0A2EF00DF5EB4 /* Release */ = {
			isa = XCBuildConfiguration;
			buildSettings = {
				GCC_PRECOMPILE_PREFIX_HEADER = YES;
				GCC_PREFIX_HEADER = "MailMe/MailMe-Prefix.pch";
				INFOPLIST_FILE = "MailMe/MailMe-Info.plist";
				PRODUCT_NAME = "$(TARGET_NAME)";
				WRAPPER_EXTENSION = app;
			};
			name = Release;
		};
/* End XCBuildConfiguration section */

/* Begin XCConfigurationList section */
		9A61FE6116D0A2EF00DF5EB4 /* Build configuration list for PBXProject "MailMe" */ = {
			isa = XCConfigurationList;
			buildConfigurations = (
				9A61FE8716D0A2EF00DF5EB4 /* Debug */,
				9A61FE8816D0A2EF00DF5EB4 /* Release */,
			);
			defaultConfigurationIsVisible = 0;
			defaultConfigurationName = Release;
		};
		9A61FE8916D0A2EF00DF5EB4 /* Build configuration list for PBXNativeTarget "MailMe" */ = {
			isa = XCConfigurationList;
			buildConfigurations = (
				9A61FE8A16D0A2EF00DF5EB4 /* Debug */,
				9A61FE8B16D0A2EF00DF5EB4 /* Release */,
			);
			defaultConfigurationIsVisible = 0;
			defaultConfigurationName = Release;
		};
/* End XCConfigurationList section */
	};
	rootObject = 9A61FE5E16D0A2EF00DF5EB4 /* Project object */;
}
